# This file is automatically @generated by Cargo.
# It is not intended for manual editing.
version = 4

[[package]]
name = "app"
version = "0.1.0"
dependencies = [
 "codegen-glslp",
 "codegen-slang",
 "core-model",
 "ir",
 "preset-io",
 "preview-engine",
 "slang-compile",
 "source",
]

[[package]]
name = "codegen-glslp"
version = "0.1.0"
dependencies = [
 "ir",
]

[[package]]
name = "codegen-slang"
version = "0.1.0"
dependencies = [
 "ir",
]

[[package]]
name = "core-model"
version = "0.1.0"

[[package]]
name = "ir"
version = "0.1.0"
dependencies = [
 "core-model",
]

[[package]]
name = "preset-io"
version = "0.1.0"
dependencies = [
 "core-model",
]

[[package]]
name = "preview-engine"
version = "0.1.0"
dependencies = [
 "slang-compile",
 "source",
]

[[package]]
name = "slang-compile"
version = "0.1.0"
dependencies = [
 "core-model",
]

[[package]]
name = "source"
version = "0.1.0"
dependencies = [
 "core-model",
]
